// !$*UTF8*$!
{
	archiveVersion = 1;
	classes = {
	};
	objectVersion = 46;
	objects = {

/* Begin PBXBuildFile section */
		AB60B9281989DF3E00C7CF6B /* Foundation.framework in Frameworks */ = {isa = PBXBuildFile; fileRef = AB60B9271989DF3E00C7CF6B /* Foundation.framework */; };
		AB60B92A1989DF3E00C7CF6B /* CoreGraphics.framework in Frameworks */ = {isa = PBXBuildFile; fileRef = AB60B9291989DF3E00C7CF6B /* CoreGraphics.framework */; };
		AB60B92C1989DF3E00C7CF6B /* UIKit.framework in Frameworks */ = {isa = PBXBuildFile; fileRef = AB60B92B1989DF3E00C7CF6B /* UIKit.framework */; };
		AB60B9321989DF3E00C7CF6B /* InfoPlist.strings in Resources */ = {isa = PBXBuildFile; fileRef = AB60B9301989DF3E00C7CF6B /* InfoPlist.strings */; };
		AB60B9341989DF3E00C7CF6B /* main.m in Sources */ = {isa = PBXBuildFile; fileRef = AB60B9331989DF3E00C7CF6B /* main.m */; };
		AB60B9381989DF3E00C7CF6B /* S597AppDelegate.m in Sources */ = {isa = PBXBuildFile; fileRef = AB60B9371989DF3E00C7CF6B /* S597AppDelegate.m */; };
		AB60B93B1989DF3E00C7CF6B /* Main.storyboard in Resources */ = {isa = PBXBuildFile; fileRef = AB60B9391989DF3E00C7CF6B /* Main.storyboard */; };
		AB60B93E1989DF3E00C7CF6B /* S597ViewController.m in Sources */ = {isa = PBXBuildFile; fileRef = AB60B93D1989DF3E00C7CF6B /* S597ViewController.m */; };
		AB60B9401989DF3E00C7CF6B /* Images.xcassets in Resources */ = {isa = PBXBuildFile; fileRef = AB60B93F1989DF3E00C7CF6B /* Images.xcassets */; };
		AB60B9471989DF3E00C7CF6B /* XCTest.framework in Frameworks */ = {isa = PBXBuildFile; fileRef = AB60B9461989DF3E00C7CF6B /* XCTest.framework */; };
		AB60B9481989DF3E00C7CF6B /* Foundation.framework in Frameworks */ = {isa = PBXBuildFile; fileRef = AB60B9271989DF3E00C7CF6B /* Foundation.framework */; };
		AB60B9491989DF3E00C7CF6B /* UIKit.framework in Frameworks */ = {isa = PBXBuildFile; fileRef = AB60B92B1989DF3E00C7CF6B /* UIKit.framework */; };
		AB60B9511989DF3E00C7CF6B /* InfoPlist.strings in Resources */ = {isa = PBXBuildFile; fileRef = AB60B94F1989DF3E00C7CF6B /* InfoPlist.strings */; };
		AB60B9531989DF3E00C7CF6B /* Git_TestTests.m in Sources */ = {isa = PBXBuildFile; fileRef = AB60B9521989DF3E00C7CF6B /* Git_TestTests.m */; };
/* End PBXBuildFile section */

/* Begin PBXContainerItemProxy section */
		AB60B94A1989DF3E00C7CF6B /* PBXContainerItemProxy */ = {
			isa = PBXContainerItemProxy;
			containerPortal = AB60B91C1989DF3E00C7CF6B /* Project object */;
			proxyType = 1;
			remoteGlobalIDString = AB60B9231989DF3E00C7CF6B;
			remoteInfo = "Git Test";
		};
/* End PBXContainerItemProxy section */

/* Begin PBXFileReference section */
		AB60B9241989DF3E00C7CF6B /* Git Test.app */ = {isa = PBXFileReference; explicitFileType = wrapper.application; includeInIndex = 0; path = "Git Test.app"; sourceTree = BUILT_PRODUCTS_DIR; };
		AB60B9271989DF3E00C7CF6B /* Foundation.framework */ = {isa = PBXFileReference; lastKnownFileType = wrapper.framework; name = Foundation.framework; path = System/Library/Frameworks/Foundation.framework; sourceTree = SDKROOT; };
		AB60B9291989DF3E00C7CF6B /* CoreGraphics.framework */ = {isa = PBXFileReference; lastKnownFileType = wrapper.framework; name = CoreGraphics.framework; path = System/Library/Frameworks/CoreGraphics.framework; sourceTree = SDKROOT; };
		AB60B92B1989DF3E00C7CF6B /* UIKit.framework */ = {isa = PBXFileReference; lastKnownFileType = wrapper.framework; name = UIKit.framework; path = System/Library/Frameworks/UIKit.framework; sourceTree = SDKROOT; };
		AB60B92F1989DF3E00C7CF6B /* Git Test-Info.plist */ = {isa = PBXFileReference; lastKnownFileType = text.plist.xml; path = "Git Test-Info.plist"; sourceTree = "<group>"; };
		AB60B9311989DF3E00C7CF6B /* en */ = {isa = PBXFileReference; lastKnownFileType = text.plist.strings; name = en; path = en.lproj/InfoPlist.strings; sourceTree = "<group>"; };
		AB60B9331989DF3E00C7CF6B /* main.m */ = {isa = PBXFileReference; lastKnownFileType = sourcecode.c.objc; path = main.m; sourceTree = "<group>"; };
		AB60B9351989DF3E00C7CF6B /* Git Test-Prefix.pch */ = {isa = PBXFileReference; lastKnownFileType = sourcecode.c.h; path = "Git Test-Prefix.pch"; sourceTree = "<group>"; };
		AB60B9361989DF3E00C7CF6B /* S597AppDelegate.h */ = {isa = PBXFileReference; lastKnownFileType = sourcecode.c.h; path = S597AppDelegate.h; sourceTree = "<group>"; };
		AB60B9371989DF3E00C7CF6B /* S597AppDelegate.m */ = {isa = PBXFileReference; lastKnownFileType = sourcecode.c.objc; path = S597AppDelegate.m; sourceTree = "<group>"; };
		AB60B93A1989DF3E00C7CF6B /* Base */ = {isa = PBXFileReference; lastKnownFileType = file.storyboard; name = Base; path = Base.lproj/Main.storyboard; sourceTree = "<group>"; };
		AB60B93C1989DF3E00C7CF6B /* S597ViewController.h */ = {isa = PBXFileReference; lastKnownFileType = sourcecode.c.h; path = S597ViewController.h; sourceTree = "<group>"; };
		AB60B93D1989DF3E00C7CF6B /* S597ViewController.m */ = {isa = PBXFileReference; lastKnownFileType = sourcecode.c.objc; path = S597ViewController.m; sourceTree = "<group>"; };
		AB60B93F1989DF3E00C7CF6B /* Images.xcassets */ = {isa = PBXFileReference; lastKnownFileType = folder.assetcatalog; path = Images.xcassets; sourceTree = "<group>"; };
		AB60B9451989DF3E00C7CF6B /* Git TestTests.xctest */ = {isa = PBXFileReference; explicitFileType = wrapper.cfbundle; includeInIndex = 0; path = "Git TestTests.xctest"; sourceTree = BUILT_PRODUCTS_DIR; };
		AB60B9461989DF3E00C7CF6B /* XCTest.framework */ = {isa = PBXFileReference; lastKnownFileType = wrapper.framework; name = XCTest.framework; path = Library/Frameworks/XCTest.framework; sourceTree = DEVELOPER_DIR; };
		AB60B94E1989DF3E00C7CF6B /* Git TestTests-Info.plist */ = {isa = PBXFileReference; lastKnownFileType = text.plist.xml; path = "Git TestTests-Info.plist"; sourceTree = "<group>"; };
		AB60B9501989DF3E00C7CF6B /* en */ = {isa = PBXFileReference; lastKnownFileType = text.plist.strings; name = en; path = en.lproj/InfoPlist.strings; sourceTree = "<group>"; };
		AB60B9521989DF3E00C7CF6B /* Git_TestTests.m */ = {isa = PBXFileReference; lastKnownFileType = sourcecode.c.objc; path = Git_TestTests.m; sourceTree = "<group>"; };
/* End PBXFileReference section */

/* Begin PBXFrameworksBuildPhase section */
		AB60B9211989DF3E00C7CF6B /* Frameworks */ = {
			isa = PBXFrameworksBuildPhase;
			buildActionMask = 2147483647;
			files = (
				AB60B92A1989DF3E00C7CF6B /* CoreGraphics.framework in Frameworks */,
				AB60B92C1989DF3E00C7CF6B /* UIKit.framework in Frameworks */,
				AB60B9281989DF3E00C7CF6B /* Foundation.framework in Frameworks */,
			);
			runOnlyForDeploymentPostprocessing = 0;
		};
		AB60B9421989DF3E00C7CF6B /* Frameworks */ = {
			isa = PBXFrameworksBuildPhase;
			buildActionMask = 2147483647;
			files = (
				AB60B9471989DF3E00C7CF6B /* XCTest.framework in Frameworks */,
				AB60B9491989DF3E00C7CF6B /* UIKit.framework in Frameworks */,
				AB60B9481989DF3E00C7CF6B /* Foundation.framework in Frameworks */,
			);
			runOnlyForDeploymentPostprocessing = 0;
		};
/* End PBXFrameworksBuildPhase section */

/* Begin PBXGroup section */
		AB60B91B1989DF3E00C7CF6B = {
			isa = PBXGroup;
			children = (
				AB60B92D1989DF3E00C7CF6B /* Git Test */,
				AB60B94C1989DF3E00C7CF6B /* Git TestTests */,
				AB60B9261989DF3E00C7CF6B /* Frameworks */,
				AB60B9251989DF3E00C7CF6B /* Products */,
			);
			sourceTree = "<group>";
		};
		AB60B9251989DF3E00C7CF6B /* Products */ = {
			isa = PBXGroup;
			children = (
				AB60B9241989DF3E00C7CF6B /* Git Test.app */,
				AB60B9451989DF3E00C7CF6B /* Git TestTests.xctest */,
			);
			name = Products;
			sourceTree = "<group>";
		};
		AB60B9261989DF3E00C7CF6B /* Frameworks */ = {
			isa = PBXGroup;
			children = (
				AB60B9271989DF3E00C7CF6B /* Foundation.framework */,
				AB60B9291989DF3E00C7CF6B /* CoreGraphics.framework */,
				AB60B92B1989DF3E00C7CF6B /* UIKit.framework */,
				AB60B9461989DF3E00C7CF6B /* XCTest.framework */,
			);
			name = Frameworks;
			sourceTree = "<group>";
		};
		AB60B92D1989DF3E00C7CF6B /* Git Test */ = {
			isa = PBXGroup;
			children = (
				AB60B9361989DF3E00C7CF6B /* S597AppDelegate.h */,
				AB60B9371989DF3E00C7CF6B /* S597AppDelegate.m */,
				AB60B9391989DF3E00C7CF6B /* Main.storyboard */,
				AB60B93C1989DF3E00C7CF6B /* S597ViewController.h */,
				AB60B93D1989DF3E00C7CF6B /* S597ViewController.m */,
				AB60B93F1989DF3E00C7CF6B /* Images.xcassets */,
				AB60B92E1989DF3E00C7CF6B /* Supporting Files */,
			);
			path = "Git Test";
			sourceTree = "<group>";
		};
		AB60B92E1989DF3E00C7CF6B /* Supporting Files */ = {
			isa = PBXGroup;
			children = (
				AB60B92F1989DF3E00C7CF6B /* Git Test-Info.plist */,
				AB60B9301989DF3E00C7CF6B /* InfoPlist.strings */,
				AB60B9331989DF3E00C7CF6B /* main.m */,
				AB60B9351989DF3E00C7CF6B /* Git Test-Prefix.pch */,
			);
			name = "Supporting Files";
			sourceTree = "<group>";
		};
		AB60B94C1989DF3E00C7CF6B /* Git TestTests */ = {
			isa = PBXGroup;
			children = (
				AB60B9521989DF3E00C7CF6B /* Git_TestTests.m */,
				AB60B94D1989DF3E00C7CF6B /* Supporting Files */,
			);
			path = "Git TestTests";
			sourceTree = "<group>";
		};
		AB60B94D1989DF3E00C7CF6B /* Supporting Files */ = {
			isa = PBXGroup;
			children = (
				AB60B94E1989DF3E00C7CF6B /* Git TestTests-Info.plist */,
				AB60B94F1989DF3E00C7CF6B /* InfoPlist.strings */,
			);
			name = "Supporting Files";
			sourceTree = "<group>";
		};
/* End PBXGroup section */

/* Begin PBXNativeTarget section */
		AB60B9231989DF3E00C7CF6B /* Git Test */ = {
			isa = PBXNativeTarget;
			buildConfigurationList = AB60B9561989DF3E00C7CF6B /* Build configuration list for PBXNativeTarget "Git Test" */;
			buildPhases = (
				AB60B9201989DF3E00C7CF6B /* Sources */,
				AB60B9211989DF3E00C7CF6B /* Frameworks */,
				AB60B9221989DF3E00C7CF6B /* Resources */,
			);
			buildRules = (
			);
			dependencies = (
			);
			name = "Git Test";
			productName = "Git Test";
			productReference = AB60B9241989DF3E00C7CF6B /* Git Test.app */;
			productType = "com.apple.product-type.application";
		};
		AB60B9441989DF3E00C7CF6B /* Git TestTests */ = {
			isa = PBXNativeTarget;
			buildConfigurationList = AB60B9591989DF3E00C7CF6B /* Build configuration list for PBXNativeTarget "Git TestTests" */;
			buildPhases = (
				AB60B9411989DF3E00C7CF6B /* Sources */,
				AB60B9421989DF3E00C7CF6B /* Frameworks */,
				AB60B9431989DF3E00C7CF6B /* Resources */,
			);
			buildRules = (
			);
			dependencies = (
				AB60B94B1989DF3E00C7CF6B /* PBXTargetDependency */,
			);
			name = "Git TestTests";
			productName = "Git TestTests";
			productReference = AB60B9451989DF3E00C7CF6B /* Git TestTests.xctest */;
			productType = "com.apple.product-type.bundle.unit-test";
		};
/* End PBXNativeTarget section */

/* Begin PBXProject section */
		AB60B91C1989DF3E00C7CF6B /* Project object */ = {
			isa = PBXProject;
			attributes = {
				CLASSPREFIX = S597;
				LastUpgradeCheck = 0510;
				ORGANIZATIONNAME = "597 Studios";
				TargetAttributes = {
					AB60B9441989DF3E00C7CF6B = {
						TestTargetID = AB60B9231989DF3E00C7CF6B;
					};
				};
			};
			buildConfigurationList = AB60B91F1989DF3E00C7CF6B /* Build configuration list for PBXProject "Git Test" */;
			compatibilityVersion = "Xcode 3.2";
			developmentRegion = English;
			hasScannedForEncodings = 0;
			knownRegions = (
				en,
				Base,
			);
			mainGroup = AB60B91B1989DF3E00C7CF6B;
			productRefGroup = AB60B9251989DF3E00C7CF6B /* Products */;
			projectDirPath = "";
			projectRoot = "";
			targets = (
				AB60B9231989DF3E00C7CF6B /* Git Test */,
				AB60B9441989DF3E00C7CF6B /* Git TestTests */,
			);
		};
/* End PBXProject section */

/* Begin PBXResourcesBuildPhase section */
		AB60B9221989DF3E00C7CF6B /* Resources */ = {
			isa = PBXResourcesBuildPhase;
			buildActionMask = 2147483647;
			files = (
				AB60B9401989DF3E00C7CF6B /* Images.xcassets in Resources */,
				AB60B9321989DF3E00C7CF6B /* InfoPlist.strings in Resources */,
				AB60B93B1989DF3E00C7CF6B /* Main.storyboard in Resources */,
			);
			runOnlyForDeploymentPostprocessing = 0;
		};
		AB60B9431989DF3E00C7CF6B /* Resources */ = {
			isa = PBXResourcesBuildPhase;
			buildActionMask = 2147483647;
			files = (
				AB60B9511989DF3E00C7CF6B /* InfoPlist.strings in Resources */,
			);
			runOnlyForDeploymentPostprocessing = 0;
		};
/* End PBXResourcesBuildPhase section */

/* Begin PBXSourcesBuildPhase section */
		AB60B9201989DF3E00C7CF6B /* Sources */ = {
			isa = PBXSourcesBuildPhase;
			buildActionMask = 2147483647;
			files = (
				AB60B9381989DF3E00C7CF6B /* S597AppDelegate.m in Sources */,
				AB60B9341989DF3E00C7CF6B /* main.m in Sources */,
				AB60B93E1989DF3E00C7CF6B /* S597ViewController.m in Sources */,
			);
			runOnlyForDeploymentPostprocessing = 0;
		};
		AB60B9411989DF3E00C7CF6B /* Sources */ = {
			isa = PBXSourcesBuildPhase;
			buildActionMask = 2147483647;
			files = (
				AB60B9531989DF3E00C7CF6B /* Git_TestTests.m in Sources */,
			);
			runOnlyForDeploymentPostprocessing = 0;
		};
/* End PBXSourcesBuildPhase section */

/* Begin PBXTargetDependency section */
		AB60B94B1989DF3E00C7CF6B /* PBXTargetDependency */ = {
			isa = PBXTargetDependency;
			target = AB60B9231989DF3E00C7CF6B /* Git Test */;
			targetProxy = AB60B94A1989DF3E00C7CF6B /* PBXContainerItemProxy */;
		};
/* End PBXTargetDependency section */

/* Begin PBXVariantGroup section */
		AB60B9301989DF3E00C7CF6B /* InfoPlist.strings */ = {
			isa = PBXVariantGroup;
			children = (
				AB60B9311989DF3E00C7CF6B /* en */,
			);
			name = InfoPlist.strings;
			sourceTree = "<group>";
		};
		AB60B9391989DF3E00C7CF6B /* Main.storyboard */ = {
			isa = PBXVariantGroup;
			children = (
				AB60B93A1989DF3E00C7CF6B /* Base */,
			);
			name = Main.storyboard;
			sourceTree = "<group>";
		};
		AB60B94F1989DF3E00C7CF6B /* InfoPlist.strings */ = {
			isa = PBXVariantGroup;
			children = (
				AB60B9501989DF3E00C7CF6B /* en */,
			);
			name = InfoPlist.strings;
			sourceTree = "<group>";
		};
/* End PBXVariantGroup section */

/* Begin XCBuildConfiguration section */
		AB60B9541989DF3E00C7CF6B /* Debug */ = {
			isa = XCBuildConfiguration;
			buildSettings = {
				ALWAYS_SEARCH_USER_PATHS = NO;
				CLANG_CXX_LANGUAGE_STANDARD = "gnu++0x";
				CLANG_CXX_LIBRARY = "libc++";
				CLANG_ENABLE_MODULES = YES;
				CLANG_ENABLE_OBJC_ARC = YES;
				CLANG_WARN_BOOL_CONVERSION = YES;
				CLANG_WARN_CONSTANT_CONVERSION = YES;
				CLANG_WARN_DIRECT_OBJC_ISA_USAGE = YES_ERROR;
				CLANG_WARN_EMPTY_BODY = YES;
				CLANG_WARN_ENUM_CONVERSION = YES;
				CLANG_WARN_INT_CONVERSION = YES;
				CLANG_WARN_OBJC_ROOT_CLASS = YES_ERROR;
				CLANG_WARN__DUPLICATE_METHOD_MATCH = YES;
				"CODE_SIGN_IDENTITY[sdk=iphoneos*]" = "iPhone Developer";
				COPY_PHASE_STRIP = NO;
				GCC_C_LANGUAGE_STANDARD = gnu99;
				GCC_DYNAMIC_NO_PIC = NO;
				GCC_OPTIMIZATION_LEVEL = 0;
				GCC_PREPROCESSOR_DEFINITIONS = (
					"DEBUG=1",
					"$(inherited)",
				);
				GCC_SYMBOLS_PRIVATE_EXTERN = NO;
				GCC_WARN_64_TO_32_BIT_CONVERSION = YES;
				GCC_WARN_ABOUT_RETURN_TYPE = YES_ERROR;
				GCC_WARN_UNDECLARED_SELECTOR = YES;
				GCC_WARN_UNINITIALIZED_AUTOS = YES_AGGRESSIVE;
				GCC_WARN_UNUSED_FUNCTION = YES;
				GCC_WARN_UNUSED_VARIABLE = YES;
				IPHONEOS_DEPLOYMENT_TARGET = 7.1;
				ONLY_ACTIVE_ARCH = YES;
				SDKROOT = iphoneos;
			};
			name = Debug;
		};
		AB60B9551989DF3E00C7CF6B /* Release */ = {
			isa = XCBuildConfiguration;
			buildSettings = {
				ALWAYS_SEARCH_USER_PATHS = NO;
				CLANG_CXX_LANGUAGE_STANDARD = "gnu++0x";
				CLANG_CXX_LIBRARY = "libc++";
				CLANG_ENABLE_MODULES = YES;
				CLANG_ENABLE_OBJC_ARC = YES;
				CLANG_WARN_BOOL_CONVERSION = YES;
				CLANG_WARN_CONSTANT_CONVERSION = YES;
				CLANG_WARN_DIRECT_OBJC_ISA_USAGE = YES_ERROR;
				CLANG_WARN_EMPTY_BODY = YES;
				CLANG_WARN_ENUM_CONVERSION = YES;
				CLANG_WARN_INT_CONVERSION = YES;
				CLANG_WARN_OBJC_ROOT_CLASS = YES_ERROR;
				CLANG_WARN__DUPLICATE_METHOD_MATCH = YES;
				"CODE_SIGN_IDENTITY[sdk=iphoneos*]" = "iPhone Developer";
				COPY_PHASE_STRIP = YES;
				ENABLE_NS_ASSERTIONS = NO;
				GCC_C_LANGUAGE_STANDARD = gnu99;
				GCC_WARN_64_TO_32_BIT_CONVERSION = YES;
				GCC_WARN_ABOUT_RETURN_TYPE = YES_ERROR;
				GCC_WARN_UNDECLARED_SELECTOR = YES;
				GCC_WARN_UNINITIALIZED_AUTOS = YES_AGGRESSIVE;
				GCC_WARN_UNUSED_FUNCTION = YES;
				GCC_WARN_UNUSED_VARIABLE = YES;
				IPHONEOS_DEPLOYMENT_TARGET = 7.1;
				SDKROOT = iphoneos;
				VALIDATE_PRODUCT = YES;
			};
			name = Release;
		};
		AB60B9571989DF3E00C7CF6B /* Debug */ = {
			isa = XCBuildConfiguration;
			buildSettings = {
				ASSETCATALOG_COMPILER_APPICON_NAME = AppIcon;
				ASSETCATALOG_COMPILER_LAUNCHIMAGE_NAME = LaunchImage;
				GCC_PRECOMPILE_PREFIX_HEADER = YES;
				GCC_PREFIX_HEADER = "Git Test/Git Test-Prefix.pch";
				INFOPLIST_FILE = "Git Test/Git Test-Info.plist";
				PRODUCT_NAME = "$(TARGET_NAME)";
				WRAPPER_EXTENSION = app;
			};
			name = Debug;
		};
		AB60B9581989DF3E00C7CF6B /* Release */ = {
			isa = XCBuildConfiguration;
			buildSettings = {
				ASSETCATALOG_COMPILER_APPICON_NAME = AppIcon;
				ASSETCATALOG_COMPILER_LAUNCHIMAGE_NAME = LaunchImage;
				GCC_PRECOMPILE_PREFIX_HEADER = YES;
				GCC_PREFIX_HEADER = "Git Test/Git Test-Prefix.pch";
				INFOPLIST_FILE = "Git Test/Git Test-Info.plist";
				PRODUCT_NAME = "$(TARGET_NAME)";
				WRAPPER_EXTENSION = app;
			};
			name = Release;
		};
		AB60B95A1989DF3E00C7CF6B /* Debug */ = {
			isa = XCBuildConfiguration;
			buildSettings = {
				BUNDLE_LOADER = "$(BUILT_PRODUCTS_DIR)/Git Test.app/Git Test";
				FRAMEWORK_SEARCH_PATHS = (
					"$(SDKROOT)/Developer/Library/Frameworks",
					"$(inherited)",
					"$(DEVELOPER_FRAMEWORKS_DIR)",
				);
				GCC_PRECOMPILE_PREFIX_HEADER = YES;
				GCC_PREFIX_HEADER = "Git Test/Git Test-Prefix.pch";
				GCC_PREPROCESSOR_DEFINITIONS = (
					"DEBUG=1",
					"$(inherited)",
				);
				INFOPLIST_FILE = "Git TestTests/Git TestTests-Info.plist";
				PRODUCT_NAME = "$(TARGET_NAME)";
				TEST_HOST = "$(BUNDLE_LOADER)";
				WRAPPER_EXTENSION = xctest;
			};
			name = Debug;
		};
		AB60B95B1989DF3E00C7CF6B /* Release */ = {
			isa = XCBuildConfiguration;
			buildSettings = {
				BUNDLE_LOADER = "$(BUILT_PRODUCTS_DIR)/Git Test.app/Git Test";
				FRAMEWORK_SEARCH_PATHS = (
					"$(SDKROOT)/Developer/Library/Frameworks",
					"$(inherited)",
					"$(DEVELOPER_FRAMEWORKS_DIR)",
				);
				GCC_PRECOMPILE_PREFIX_HEADER = YES;
				GCC_PREFIX_HEADER = "Git Test/Git Test-Prefix.pch";
				INFOPLIST_FILE = "Git TestTests/Git TestTests-Info.plist";
				PRODUCT_NAME = "$(TARGET_NAME)";
				TEST_HOST = "$(BUNDLE_LOADER)";
				WRAPPER_EXTENSION = xctest;
			};
			name = Release;
		};
/* End XCBuildConfiguration section */

/* Begin XCConfigurationList section */
		AB60B91F1989DF3E00C7CF6B /* Build configuration list for PBXProject "Git Test" */ = {
			isa = XCConfigurationList;
			buildConfigurations = (
				AB60B9541989DF3E00C7CF6B /* Debug */,
				AB60B9551989DF3E00C7CF6B /* Release */,
			);
			defaultConfigurationIsVisible = 0;
			defaultConfigurationName = Release;
		};
		AB60B9561989DF3E00C7CF6B /* Build configuration list for PBXNativeTarget "Git Test" */ = {
			isa = XCConfigurationList;
			buildConfigurations = (
				AB60B9571989DF3E00C7CF6B /* Debug */,
				AB60B9581989DF3E00C7CF6B /* Release */,
			);
			defaultConfigurationIsVisible = 0;
		};
		AB60B9591989DF3E00C7CF6B /* Build configuration list for PBXNativeTarget "Git TestTests" */ = {
			isa = XCConfigurationList;
			buildConfigurations = (
				AB60B95A1989DF3E00C7CF6B /* Debug */,
				AB60B95B1989DF3E00C7CF6B /* Release */,
			);
			defaultConfigurationIsVisible = 0;
		};
/* End XCConfigurationList section */
	};
	rootObject = AB60B91C1989DF3E00C7CF6B /* Project object */;
}
